
Microsoft Visual Studio Solution File, Format Version 12.00
# Visual Studio 2013
VisualStudioVersion = 12.0.21005.1
MinimumVisualStudioVersion = 10.0.40219.1
Project("{FAE04EC0-301F-11D3-BF4B-00C04F79EFBC}") = "WinAppNiñitosEnAccion", "WinAppNJugando\WinAppNiñitosEnAccion.csproj", "{240D6B1B-5606-4D28-AE30-0C12FA104B7D}"
EndProject
Project("{FAE04EC0-301F-11D3-BF4B-00C04F79EFBC}") = "RegiAnimal", "..\RegiAnimal\RegiAnimal\RegiAnimal.csproj", "{5D4F2E52-3057-4779-B0AB-1FD7DA96435B}"
EndProject
Project("{FAE04EC0-301F-11D3-BF4B-00C04F79EFBC}") = "WinAppProyectoFinal", "..\WinAppProyectoFinal\WinAppProyectoFinal\WinAppProyectoFinal.csproj", "{3B293B66-55C0-4C6B-9E72-B52E66B00FB7}"
EndProject
Global
	GlobalSection(SolutionConfigurationPlatforms) = preSolution
		Debug|Any CPU = Debug|Any CPU
		Release|Any CPU = Release|Any CPU
	EndGlobalSection
	GlobalSection(ProjectConfigurationPlatforms) = postSolution
		{240D6B1B-5606-4D28-AE30-0C12FA104B7D}.Debug|Any CPU.ActiveCfg = Debug|Any CPU
		{240D6B1B-5606-4D28-AE30-0C12FA104B7D}.Debug|Any CPU.Build.0 = Debug|Any CPU
		{240D6B1B-5606-4D28-AE30-0C12FA104B7D}.Release|Any CPU.ActiveCfg = Release|Any CPU
		{240D6B1B-5606-4D28-AE30-0C12FA104B7D}.Release|Any CPU.Build.0 = Release|Any CPU
		{5D4F2E52-3057-4779-B0AB-1FD7DA96435B}.Debug|Any CPU.ActiveCfg = Debug|Any CPU
		{5D4F2E52-3057-4779-B0AB-1FD7DA96435B}.Debug|Any CPU.Build.0 = Debug|Any CPU
		{5D4F2E52-3057-4779-B0AB-1FD7DA96435B}.Release|Any CPU.ActiveCfg = Release|Any CPU
		{5D4F2E52-3057-4779-B0AB-1FD7DA96435B}.Release|Any CPU.Build.0 = Release|Any CPU
		{3B293B66-55C0-4C6B-9E72-B52E66B00FB7}.Debug|Any CPU.ActiveCfg = Debug|Any CPU
		{3B293B66-55C0-4C6B-9E72-B52E66B00FB7}.Debug|Any CPU.Build.0 = Debug|Any CPU
		{3B293B66-55C0-4C6B-9E72-B52E66B00FB7}.Release|Any CPU.ActiveCfg = Release|Any CPU
		{3B293B66-55C0-4C6B-9E72-B52E66B00FB7}.Release|Any CPU.Build.0 = Release|Any CPU
	EndGlobalSection
	GlobalSection(SolutionProperties) = preSolution
		HideSolutionNode = FALSE
	EndGlobalSection
	GlobalSection(ExtensibilityGlobals) = postSolution
		SolutionGuid = {EABC3A6F-30F3-44F9-BD3D-00207379B63F}
	EndGlobalSection
EndGlobal
